// !$*UTF8*$!
{
	archiveVersion = 1;
	classes = {
	};
	objectVersion = 46;
	objects = {

/* Begin PBXBuildFile section */
		46D6D7B416F1CB3800D8E883 /* StoreKit.framework in Frameworks */ = {isa = PBXBuildFile; fileRef = 46D6D7B316F1CB3800D8E883 /* StoreKit.framework */; };
		6CC6033A157DCC0F00A3E13E /* CoreGraphics.framework in Frameworks */ = {isa = PBXBuildFile; fileRef = 6CC60339157DCC0F00A3E13E /* CoreGraphics.framework */; };
		6CC6036A157DCCEF00A3E13E /* libstdc++.dylib in Frameworks */ = {isa = PBXBuildFile; fileRef = 6CC6034C157DCCEF00A3E13E /* libstdc++.dylib */; };
		6CC6036B157DCCEF00A3E13E /* MediaPlayer.framework in Frameworks */ = {isa = PBXBuildFile; fileRef = 6CC6034D157DCCEF00A3E13E /* MediaPlayer.framework */; };
		6CC6036C157DCCEF00A3E13E /* MessageUI.framework in Frameworks */ = {isa = PBXBuildFile; fileRef = 6CC6034E157DCCEF00A3E13E /* MessageUI.framework */; };
		6CC6036D157DCCEF00A3E13E /* MapKit.framework in Frameworks */ = {isa = PBXBuildFile; fileRef = 6CC6034F157DCCEF00A3E13E /* MapKit.framework */; };
		6CC6036E157DCCEF00A3E13E /* libiconv.dylib in Frameworks */ = {isa = PBXBuildFile; fileRef = 6CC60350157DCCEF00A3E13E /* libiconv.dylib */; };
		6CC6036F157DCCEF00A3E13E /* libicucore.dylib in Frameworks */ = {isa = PBXBuildFile; fileRef = 6CC60351157DCCEF00A3E13E /* libicucore.dylib */; };
		6CC60370157DCCEF00A3E13E /* libsqlite3.dylib in Frameworks */ = {isa = PBXBuildFile; fileRef = 6CC60352157DCCEF00A3E13E /* libsqlite3.dylib */; };
		6CC60371157DCCEF00A3E13E /* libz.dylib in Frameworks */ = {isa = PBXBuildFile; fileRef = 6CC60353157DCCEF00A3E13E /* libz.dylib */; };
		6CC60372157DCCEF00A3E13E /* Accelerate.framework in Frameworks */ = {isa = PBXBuildFile; fileRef = 6CC60354157DCCEF00A3E13E /* Accelerate.framework */; };
		6CC60373157DCCEF00A3E13E /* AddressBook.framework in Frameworks */ = {isa = PBXBuildFile; fileRef = 6CC60355157DCCEF00A3E13E /* AddressBook.framework */; };
		6CC60374157DCCEF00A3E13E /* AddressBookUI.framework in Frameworks */ = {isa = PBXBuildFile; fileRef = 6CC60356157DCCEF00A3E13E /* AddressBookUI.framework */; };
		6CC60375157DCCEF00A3E13E /* AssetsLibrary.framework in Frameworks */ = {isa = PBXBuildFile; fileRef = 6CC60357157DCCEF00A3E13E /* AssetsLibrary.framework */; };
		6CC60376157DCCEF00A3E13E /* AudioToolbox.framework in Frameworks */ = {isa = PBXBuildFile; fileRef = 6CC60358157DCCEF00A3E13E /* AudioToolbox.framework */; };
		6CC60377157DCCEF00A3E13E /* AVFoundation.framework in Frameworks */ = {isa = PBXBuildFile; fileRef = 6CC60359157DCCEF00A3E13E /* AVFoundation.framework */; };
		6CC60378157DCCEF00A3E13E /* CFNetwork.framework in Frameworks */ = {isa = PBXBuildFile; fileRef = 6CC6035A157DCCEF00A3E13E /* CFNetwork.framework */; };
		6CC60379157DCCEF00A3E13E /* CoreAudio.framework in Frameworks */ = {isa = PBXBuildFile; fileRef = 6CC6035B157DCCEF00A3E13E /* CoreAudio.framework */; };
		6CC6037A157DCCEF00A3E13E /* CoreLocation.framework in Frameworks */ = {isa = PBXBuildFile; fileRef = 6CC6035C157DCCEF00A3E13E /* CoreLocation.framework */; };
		6CC6037B157DCCEF00A3E13E /* CoreMedia.framework in Frameworks */ = {isa = PBXBuildFile; fileRef = 6CC6035D157DCCEF00A3E13E /* CoreMedia.framework */; };
		6CC6037C157DCCEF00A3E13E /* CoreMotion.framework in Frameworks */ = {isa = PBXBuildFile; fileRef = 6CC6035E157DCCEF00A3E13E /* CoreMotion.framework */; };
		6CC6037D157DCCEF00A3E13E /* CoreTelephony.framework in Frameworks */ = {isa = PBXBuildFile; fileRef = 6CC6035F157DCCEF00A3E13E /* CoreTelephony.framework */; };
		6CC6037E157DCCEF00A3E13E /* CoreVideo.framework in Frameworks */ = {isa = PBXBuildFile; fileRef = 6CC60360157DCCEF00A3E13E /* CoreVideo.framework */; };
		6CC6037F157DCCEF00A3E13E /* MobileCoreServices.framework in Frameworks */ = {isa = PBXBuildFile; fileRef = 6CC60361157DCCEF00A3E13E /* MobileCoreServices.framework */; };
		6CC60380157DCCEF00A3E13E /* OpenAL.framework in Frameworks */ = {isa = PBXBuildFile; fileRef = 6CC60362157DCCEF00A3E13E /* OpenAL.framework */; };
		6CC60381157DCCEF00A3E13E /* OpenGLES.framework in Frameworks */ = {isa = PBXBuildFile; fileRef = 6CC60363157DCCEF00A3E13E /* OpenGLES.framework */; };
		6CC60382157DCCEF00A3E13E /* QuartzCore.framework in Frameworks */ = {isa = PBXBuildFile; fileRef = 6CC60364157DCCEF00A3E13E /* QuartzCore.framework */; };
		6CC60383157DCCEF00A3E13E /* Security.framework in Frameworks */ = {isa = PBXBuildFile; fileRef = 6CC60365157DCCEF00A3E13E /* Security.framework */; };
		6CC60384157DCCEF00A3E13E /* SystemConfiguration.framework in Frameworks */ = {isa = PBXBuildFile; fileRef = 6CC60366157DCCEF00A3E13E /* SystemConfiguration.framework */; };
		7CC6036E157DCCEF00A3E13E /* libbz2.1.0.dylib in Frameworks */ = {isa = PBXBuildFile; fileRef = 7CC60350157DCCEF00A3E13E /* libbz2.1.0.dylib */; };
		B287DD551716BCD0000DFADA /* libxml2.dylib in Frameworks */ = {isa = PBXBuildFile; fileRef = B287DD541716BCD0000DFADA /* libxml2.dylib */; };
		DE94A2D518F7CD91000CA6E7 /* CoreText.framework in Frameworks */ = {isa = PBXBuildFile; fileRef = DE94A2D418F7CD91000CA6E7 /* CoreText.framework */; };
		DE94A2D718F7CD9B000CA6E7 /* ImageIO.framework in Frameworks */ = {isa = PBXBuildFile; fileRef = DE94A2D618F7CD9B000CA6E7 /* ImageIO.framework */; };
		DE94A2D918F7CE12000CA6E7 /* QuickLook.framework in Frameworks */ = {isa = PBXBuildFile; fileRef = DE94A2D818F7CE12000CA6E7 /* QuickLook.framework */; };
		DE94A2DB18F7CE48000CA6E7 /* Foundation.framework in Frameworks */ = {isa = PBXBuildFile; fileRef = DE94A2DA18F7CE48000CA6E7 /* Foundation.framework */; };
		DE94A2DE18F7E508000CA6E7 /* libc++.dylib in Frameworks */ = {isa = PBXBuildFile; fileRef = DE94A2DD18F7E508000CA6E7 /* libc++.dylib */; };
		EAD2E1031A6EA7C3007A125A /* ACEDes.framework in Frameworks */ = {isa = PBXBuildFile; fileRef = EAD2E1021A6EA7C3007A125A /* ACEDes.framework */; settings = {ATTRIBUTES = (Weak, ); }; };
		EAD2E1051A6EA7D6007A125A /* libAppCanEngine.a in Frameworks */ = {isa = PBXBuildFile; fileRef = EAD2E1041A6EA7D6007A125A /* libAppCanEngine.a */; };
		EAD2E1691A6EB12D007A125A /* Info.plist in Resources */ = {isa = PBXBuildFile; fileRef = EAD2E14A1A6EB12D007A125A /* Info.plist */; };
		EAD2E16A1A6EB12D007A125A /* main.m in Sources */ = {isa = PBXBuildFile; fileRef = EAD2E14B1A6EB12D007A125A /* main.m */; };
		EAD2E1831A6EB149007A125A /* EUExPluginName.m in Sources */ = {isa = PBXBuildFile; fileRef = EAD2E1811A6EB149007A125A /* EUExPluginName.m */; };
		EAD2E1851A6EB15B007A125A /* Image.xcassets in Resources */ = {isa = PBXBuildFile; fileRef = EAD2E1841A6EB15B007A125A /* Image.xcassets */; };
		EAD2E18D1A6EB21D007A125A /* resource in Resources */ = {isa = PBXBuildFile; fileRef = EAD2E18C1A6EB21D007A125A /* resource */; };
		EAD2E1911A6EB228007A125A /* error in Resources */ = {isa = PBXBuildFile; fileRef = EAD2E18E1A6EB228007A125A /* error */; };
		EAD2E1921A6EB228007A125A /* plugin.xml in Resources */ = {isa = PBXBuildFile; fileRef = EAD2E18F1A6EB228007A125A /* plugin.xml */; };
		EAD2E1931A6EB228007A125A /* widget in Resources */ = {isa = PBXBuildFile; fileRef = EAD2E1901A6EB228007A125A /* widget */; };
		F72F4A241986243F008FB4E6 /* UIKit.framework in Frameworks */ = {isa = PBXBuildFile; fileRef = 6CC60367157DCCEF00A3E13E /* UIKit.framework */; };
/* End PBXBuildFile section */

/* Begin PBXCopyFilesBuildPhase section */
		3356F9571A4851FA00F58330 /* Embed Frameworks */ = {
			isa = PBXCopyFilesBuildPhase;
			buildActionMask = 2147483647;
			dstPath = "";
			dstSubfolderSpec = 10;
			files = (
			);
			name = "Embed Frameworks";
			runOnlyForDeploymentPostprocessing = 0;
		};
/* End PBXCopyFilesBuildPhase section */

/* Begin PBXFileReference section */
		46D6D7B316F1CB3800D8E883 /* StoreKit.framework */ = {isa = PBXFileReference; lastKnownFileType = wrapper.framework; name = StoreKit.framework; path = System/Library/Frameworks/StoreKit.framework; sourceTree = SDKROOT; };
		6CC60331157DCC0F00A3E13E /* PluginDebugProject.app */ = {isa = PBXFileReference; explicitFileType = wrapper.application; includeInIndex = 0; path = PluginDebugProject.app; sourceTree = BUILT_PRODUCTS_DIR; };
		6CC60339157DCC0F00A3E13E /* CoreGraphics.framework */ = {isa = PBXFileReference; lastKnownFileType = wrapper.framework; name = CoreGraphics.framework; path = System/Library/Frameworks/CoreGraphics.framework; sourceTree = SDKROOT; };
		6CC6034C157DCCEF00A3E13E /* libstdc++.dylib */ = {isa = PBXFileReference; lastKnownFileType = "compiled.mach-o.dylib"; name = "libstdc++.dylib"; path = "usr/lib/libstdc++.dylib"; sourceTree = SDKROOT; };
		6CC6034D157DCCEF00A3E13E /* MediaPlayer.framework */ = {isa = PBXFileReference; lastKnownFileType = wrapper.framework; name = MediaPlayer.framework; path = System/Library/Frameworks/MediaPlayer.framework; sourceTree = SDKROOT; };
		6CC6034E157DCCEF00A3E13E /* MessageUI.framework */ = {isa = PBXFileReference; lastKnownFileType = wrapper.framework; name = MessageUI.framework; path = System/Library/Frameworks/MessageUI.framework; sourceTree = SDKROOT; };
		6CC6034F157DCCEF00A3E13E /* MapKit.framework */ = {isa = PBXFileReference; lastKnownFileType = wrapper.framework; name = MapKit.framework; path = System/Library/Frameworks/MapKit.framework; sourceTree = SDKROOT; };
		6CC60350157DCCEF00A3E13E /* libiconv.dylib */ = {isa = PBXFileReference; lastKnownFileType = "compiled.mach-o.dylib"; name = libiconv.dylib; path = usr/lib/libiconv.dylib; sourceTree = SDKROOT; };
		6CC60351157DCCEF00A3E13E /* libicucore.dylib */ = {isa = PBXFileReference; lastKnownFileType = "compiled.mach-o.dylib"; name = libicucore.dylib; path = usr/lib/libicucore.dylib; sourceTree = SDKROOT; };
		6CC60352157DCCEF00A3E13E /* libsqlite3.dylib */ = {isa = PBXFileReference; lastKnownFileType = "compiled.mach-o.dylib"; name = libsqlite3.dylib; path = usr/lib/libsqlite3.dylib; sourceTree = SDKROOT; };
		6CC60353157DCCEF00A3E13E /* libz.dylib */ = {isa = PBXFileReference; lastKnownFileType = "compiled.mach-o.dylib"; name = libz.dylib; path = usr/lib/libz.dylib; sourceTree = SDKROOT; };
		6CC60354157DCCEF00A3E13E /* Accelerate.framework */ = {isa = PBXFileReference; lastKnownFileType = wrapper.framework; name = Accelerate.framework; path = System/Library/Frameworks/Accelerate.framework; sourceTree = SDKROOT; };
		6CC60355157DCCEF00A3E13E /* AddressBook.framework */ = {isa = PBXFileReference; lastKnownFileType = wrapper.framework; name = AddressBook.framework; path = System/Library/Frameworks/AddressBook.framework; sourceTree = SDKROOT; };
		6CC60356157DCCEF00A3E13E /* AddressBookUI.framework */ = {isa = PBXFileReference; lastKnownFileType = wrapper.framework; name = AddressBookUI.framework; path = System/Library/Frameworks/AddressBookUI.framework; sourceTree = SDKROOT; };
		6CC60357157DCCEF00A3E13E /* AssetsLibrary.framework */ = {isa = PBXFileReference; lastKnownFileType = wrapper.framework; name = AssetsLibrary.framework; path = System/Library/Frameworks/AssetsLibrary.framework; sourceTree = SDKROOT; };
		6CC60358157DCCEF00A3E13E /* AudioToolbox.framework */ = {isa = PBXFileReference; lastKnownFileType = wrapper.framework; name = AudioToolbox.framework; path = System/Library/Frameworks/AudioToolbox.framework; sourceTree = SDKROOT; };
		6CC60359157DCCEF00A3E13E /* AVFoundation.framework */ = {isa = PBXFileReference; lastKnownFileType = wrapper.framework; name = AVFoundation.framework; path = System/Library/Frameworks/AVFoundation.framework; sourceTree = SDKROOT; };
		6CC6035A157DCCEF00A3E13E /* CFNetwork.framework */ = {isa = PBXFileReference; lastKnownFileType = wrapper.framework; name = CFNetwork.framework; path = System/Library/Frameworks/CFNetwork.framework; sourceTree = SDKROOT; };
		6CC6035B157DCCEF00A3E13E /* CoreAudio.framework */ = {isa = PBXFileReference; lastKnownFileType = wrapper.framework; name = CoreAudio.framework; path = System/Library/Frameworks/CoreAudio.framework; sourceTree = SDKROOT; };
		6CC6035C157DCCEF00A3E13E /* CoreLocation.framework */ = {isa = PBXFileReference; lastKnownFileType = wrapper.framework; name = CoreLocation.framework; path = System/Library/Frameworks/CoreLocation.framework; sourceTree = SDKROOT; };
		6CC6035D157DCCEF00A3E13E /* CoreMedia.framework */ = {isa = PBXFileReference; lastKnownFileType = wrapper.framework; name = CoreMedia.framework; path = System/Library/Frameworks/CoreMedia.framework; sourceTree = SDKROOT; };
		6CC6035E157DCCEF00A3E13E /* CoreMotion.framework */ = {isa = PBXFileReference; lastKnownFileType = wrapper.framework; name = CoreMotion.framework; path = System/Library/Frameworks/CoreMotion.framework; sourceTree = SDKROOT; };
		6CC6035F157DCCEF00A3E13E /* CoreTelephony.framework */ = {isa = PBXFileReference; lastKnownFileType = wrapper.framework; name = CoreTelephony.framework; path = System/Library/Frameworks/CoreTelephony.framework; sourceTree = SDKROOT; };
		6CC60360157DCCEF00A3E13E /* CoreVideo.framework */ = {isa = PBXFileReference; lastKnownFileType = wrapper.framework; name = CoreVideo.framework; path = System/Library/Frameworks/CoreVideo.framework; sourceTree = SDKROOT; };
		6CC60361157DCCEF00A3E13E /* MobileCoreServices.framework */ = {isa = PBXFileReference; lastKnownFileType = wrapper.framework; name = MobileCoreServices.framework; path = System/Library/Frameworks/MobileCoreServices.framework; sourceTree = SDKROOT; };
		6CC60362157DCCEF00A3E13E /* OpenAL.framework */ = {isa = PBXFileReference; lastKnownFileType = wrapper.framework; name = OpenAL.framework; path = System/Library/Frameworks/OpenAL.framework; sourceTree = SDKROOT; };
		6CC60363157DCCEF00A3E13E /* OpenGLES.framework */ = {isa = PBXFileReference; lastKnownFileType = wrapper.framework; name = OpenGLES.framework; path = System/Library/Frameworks/OpenGLES.framework; sourceTree = SDKROOT; };
		6CC60364157DCCEF00A3E13E /* QuartzCore.framework */ = {isa = PBXFileReference; lastKnownFileType = wrapper.framework; name = QuartzCore.framework; path = System/Library/Frameworks/QuartzCore.framework; sourceTree = SDKROOT; };
		6CC60365157DCCEF00A3E13E /* Security.framework */ = {isa = PBXFileReference; lastKnownFileType = wrapper.framework; name = Security.framework; path = System/Library/Frameworks/Security.framework; sourceTree = SDKROOT; };
		6CC60366157DCCEF00A3E13E /* SystemConfiguration.framework */ = {isa = PBXFileReference; lastKnownFileType = wrapper.framework; name = SystemConfiguration.framework; path = System/Library/Frameworks/SystemConfiguration.framework; sourceTree = SDKROOT; };
		6CC60367157DCCEF00A3E13E /* UIKit.framework */ = {isa = PBXFileReference; lastKnownFileType = wrapper.framework; name = UIKit.framework; path = System/Library/Frameworks/UIKit.framework; sourceTree = SDKROOT; };
		6CC60369157DCCEF00A3E13E /* CoreGraphics.framework */ = {isa = PBXFileReference; lastKnownFileType = wrapper.framework; name = CoreGraphics.framework; path = System/Library/Frameworks/CoreGraphics.framework; sourceTree = SDKROOT; };
		7CC60350157DCCEF00A3E13E /* libbz2.1.0.dylib */ = {isa = PBXFileReference; lastKnownFileType = "compiled.mach-o.dylib"; name = libbz2.1.0.dylib; path = usr/lib/libbz2.1.0.dylib; sourceTree = SDKROOT; };
		B287DD541716BCD0000DFADA /* libxml2.dylib */ = {isa = PBXFileReference; lastKnownFileType = "compiled.mach-o.dylib"; name = libxml2.dylib; path = usr/lib/libxml2.dylib; sourceTree = SDKROOT; };
		DE94A2D418F7CD91000CA6E7 /* CoreText.framework */ = {isa = PBXFileReference; lastKnownFileType = wrapper.framework; name = CoreText.framework; path = System/Library/Frameworks/CoreText.framework; sourceTree = SDKROOT; };
		DE94A2D618F7CD9B000CA6E7 /* ImageIO.framework */ = {isa = PBXFileReference; lastKnownFileType = wrapper.framework; name = ImageIO.framework; path = System/Library/Frameworks/ImageIO.framework; sourceTree = SDKROOT; };
		DE94A2D818F7CE12000CA6E7 /* QuickLook.framework */ = {isa = PBXFileReference; lastKnownFileType = wrapper.framework; name = QuickLook.framework; path = System/Library/Frameworks/QuickLook.framework; sourceTree = SDKROOT; };
		DE94A2DA18F7CE48000CA6E7 /* Foundation.framework */ = {isa = PBXFileReference; lastKnownFileType = wrapper.framework; name = Foundation.framework; path = System/Library/Frameworks/Foundation.framework; sourceTree = SDKROOT; };
		DE94A2DD18F7E508000CA6E7 /* libc++.dylib */ = {isa = PBXFileReference; lastKnownFileType = "compiled.mach-o.dylib"; name = "libc++.dylib"; path = "usr/lib/libc++.dylib"; sourceTree = SDKROOT; };
		EAD2E1021A6EA7C3007A125A /* ACEDes.framework */ = {isa = PBXFileReference; lastKnownFileType = wrapper.framework; name = ACEDes.framework; path = ../AppCanEngine/AppCanEngine/des/ACEDes.framework; sourceTree = "<group>"; };
		EAD2E1041A6EA7D6007A125A /* libAppCanEngine.a */ = {isa = PBXFileReference; lastKnownFileType = archive.ar; name = libAppCanEngine.a; path = "../Product/Release-iphoneos/libAppCanEngine.a"; sourceTree = "<group>"; };
		EAD2E14A1A6EB12D007A125A /* Info.plist */ = {isa = PBXFileReference; fileEncoding = 4; lastKnownFileType = text.plist.xml; path = Info.plist; sourceTree = "<group>"; };
		EAD2E14B1A6EB12D007A125A /* main.m */ = {isa = PBXFileReference; fileEncoding = 4; lastKnownFileType = sourcecode.c.objc; path = main.m; sourceTree = "<group>"; };
		EAD2E1801A6EB149007A125A /* EUExPluginName.h */ = {isa = PBXFileReference; fileEncoding = 4; lastKnownFileType = sourcecode.c.h; path = EUExPluginName.h; sourceTree = "<group>"; };
		EAD2E1811A6EB149007A125A /* EUExPluginName.m */ = {isa = PBXFileReference; fileEncoding = 4; lastKnownFileType = sourcecode.c.objc; path = EUExPluginName.m; sourceTree = "<group>"; };
		EAD2E1821A6EB149007A125A /* Prefix.pch */ = {isa = PBXFileReference; fileEncoding = 4; lastKnownFileType = sourcecode.c.h; path = Prefix.pch; sourceTree = "<group>"; };
		EAD2E1841A6EB15B007A125A /* Image.xcassets */ = {isa = PBXFileReference; lastKnownFileType = folder.assetcatalog; path = Image.xcassets; sourceTree = "<group>"; };
		EAD2E1871A6EB1BF007A125A /* EUtility.h */ = {isa = PBXFileReference; lastKnownFileType = sourcecode.c.h; name = EUtility.h; path = ../../AppCanEngine/AppCanEngine/base/EUtility.h; sourceTree = "<group>"; };
		EAD2E1881A6EB1CD007A125A /* EUExBase.h */ = {isa = PBXFileReference; lastKnownFileType = sourcecode.c.h; name = EUExBase.h; path = ../../AppCanEngine/AppCanEngine/engine/universalex/EUExBase.h; sourceTree = "<group>"; };
		EAD2E1891A6EB1CD007A125A /* EUExBaseDefine.h */ = {isa = PBXFileReference; lastKnownFileType = sourcecode.c.h; name = EUExBaseDefine.h; path = ../../AppCanEngine/AppCanEngine/engine/universalex/EUExBaseDefine.h; sourceTree = "<group>"; };
		EAD2E18A1A6EB1D8007A125A /* WidgetOneDelegate.h */ = {isa = PBXFileReference; lastKnownFileType = sourcecode.c.h; name = WidgetOneDelegate.h; path = ../../AppCanEngine/AppCanEngine/widgetone/WidgetOneDelegate.h; sourceTree = "<group>"; };
		EAD2E18C1A6EB21D007A125A /* resource */ = {isa = PBXFileReference; lastKnownFileType = folder; path = resource; sourceTree = "<group>"; };
		EAD2E18E1A6EB228007A125A /* error */ = {isa = PBXFileReference; lastKnownFileType = folder; name = error; path = WebPage/error; sourceTree = "<group>"; };
		EAD2E18F1A6EB228007A125A /* plugin.xml */ = {isa = PBXFileReference; fileEncoding = 4; lastKnownFileType = text.xml; name = plugin.xml; path = WebPage/plugin.xml; sourceTree = "<group>"; };
		EAD2E1901A6EB228007A125A /* widget */ = {isa = PBXFileReference; lastKnownFileType = folder; name = widget; path = WebPage/widget; sourceTree = "<group>"; };
/* End PBXFileReference section */

/* Begin PBXFrameworksBuildPhase section */
		6CC6032E157DCC0F00A3E13E /* Frameworks */ = {
			isa = PBXFrameworksBuildPhase;
			buildActionMask = 2147483647;
			files = (
				F72F4A241986243F008FB4E6 /* UIKit.framework in Frameworks */,
				DE94A2DE18F7E508000CA6E7 /* libc++.dylib in Frameworks */,
				DE94A2DB18F7CE48000CA6E7 /* Foundation.framework in Frameworks */,
				DE94A2D918F7CE12000CA6E7 /* QuickLook.framework in Frameworks */,
				DE94A2D718F7CD9B000CA6E7 /* ImageIO.framework in Frameworks */,
				DE94A2D518F7CD91000CA6E7 /* CoreText.framework in Frameworks */,
				B287DD551716BCD0000DFADA /* libxml2.dylib in Frameworks */,
				DE94A2DE18F7E508000CA6E7 /* libc++.dylib in Frameworks */,
				DE94A2DB18F7CE48000CA6E7 /* Foundation.framework in Frameworks */,
				EAD2E1031A6EA7C3007A125A /* ACEDes.framework in Frameworks */,
				DE94A2D918F7CE12000CA6E7 /* QuickLook.framework in Frameworks */,
				DE94A2D718F7CD9B000CA6E7 /* ImageIO.framework in Frameworks */,
				DE94A2D518F7CD91000CA6E7 /* CoreText.framework in Frameworks */,
				B287DD551716BCD0000DFADA /* libxml2.dylib in Frameworks */,
				46D6D7B416F1CB3800D8E883 /* StoreKit.framework in Frameworks */,
				6CC6033A157DCC0F00A3E13E /* CoreGraphics.framework in Frameworks */,
				6CC6036A157DCCEF00A3E13E /* libstdc++.dylib in Frameworks */,
				EAD2E1051A6EA7D6007A125A /* libAppCanEngine.a in Frameworks */,
				6CC6036B157DCCEF00A3E13E /* MediaPlayer.framework in Frameworks */,
				6CC6036C157DCCEF00A3E13E /* MessageUI.framework in Frameworks */,
				6CC6036D157DCCEF00A3E13E /* MapKit.framework in Frameworks */,
				6CC6036E157DCCEF00A3E13E /* libiconv.dylib in Frameworks */,
				7CC6036E157DCCEF00A3E13E /* libbz2.1.0.dylib in Frameworks */,
				6CC6036F157DCCEF00A3E13E /* libicucore.dylib in Frameworks */,
				6CC60370157DCCEF00A3E13E /* libsqlite3.dylib in Frameworks */,
				6CC60371157DCCEF00A3E13E /* libz.dylib in Frameworks */,
				6CC60372157DCCEF00A3E13E /* Accelerate.framework in Frameworks */,
				6CC60373157DCCEF00A3E13E /* AddressBook.framework in Frameworks */,
				6CC60374157DCCEF00A3E13E /* AddressBookUI.framework in Frameworks */,
				6CC60375157DCCEF00A3E13E /* AssetsLibrary.framework in Frameworks */,
				6CC60376157DCCEF00A3E13E /* AudioToolbox.framework in Frameworks */,
				6CC60377157DCCEF00A3E13E /* AVFoundation.framework in Frameworks */,
				6CC60378157DCCEF00A3E13E /* CFNetwork.framework in Frameworks */,
				6CC60379157DCCEF00A3E13E /* CoreAudio.framework in Frameworks */,
				6CC6037A157DCCEF00A3E13E /* CoreLocation.framework in Frameworks */,
				6CC6037B157DCCEF00A3E13E /* CoreMedia.framework in Frameworks */,
				6CC6037C157DCCEF00A3E13E /* CoreMotion.framework in Frameworks */,
				6CC6037D157DCCEF00A3E13E /* CoreTelephony.framework in Frameworks */,
				6CC6037E157DCCEF00A3E13E /* CoreVideo.framework in Frameworks */,
				6CC6037F157DCCEF00A3E13E /* MobileCoreServices.framework in Frameworks */,
				6CC60380157DCCEF00A3E13E /* OpenAL.framework in Frameworks */,
				6CC60381157DCCEF00A3E13E /* OpenGLES.framework in Frameworks */,
				6CC60382157DCCEF00A3E13E /* QuartzCore.framework in Frameworks */,
				6CC60383157DCCEF00A3E13E /* Security.framework in Frameworks */,
				6CC60384157DCCEF00A3E13E /* SystemConfiguration.framework in Frameworks */,
			);
			runOnlyForDeploymentPostprocessing = 0;
		};
/* End PBXFrameworksBuildPhase section */

/* Begin PBXGroup section */
		6CC60326157DCC0F00A3E13E = {
			isa = PBXGroup;
			children = (
				EAD2E1451A6EB12D007A125A /* PluginDebugProject */,
				6CC60334157DCC0F00A3E13E /* Frameworks */,
				6CC60332157DCC0F00A3E13E /* Products */,
			);
			sourceTree = "<group>";
		};
		6CC60332157DCC0F00A3E13E /* Products */ = {
			isa = PBXGroup;
			children = (
				6CC60331157DCC0F00A3E13E /* PluginDebugProject.app */,
			);
			name = Products;
			sourceTree = "<group>";
		};
		6CC60334157DCC0F00A3E13E /* Frameworks */ = {
			isa = PBXGroup;
			children = (
				EAD2E1041A6EA7D6007A125A /* libAppCanEngine.a */,
				EAD2E1021A6EA7C3007A125A /* ACEDes.framework */,
				DE94A2DD18F7E508000CA6E7 /* libc++.dylib */,
				6CC60354157DCCEF00A3E13E /* Accelerate.framework */,
				6CC60355157DCCEF00A3E13E /* AddressBook.framework */,
				6CC60356157DCCEF00A3E13E /* AddressBookUI.framework */,
				6CC60357157DCCEF00A3E13E /* AssetsLibrary.framework */,
				6CC60358157DCCEF00A3E13E /* AudioToolbox.framework */,
				6CC60359157DCCEF00A3E13E /* AVFoundation.framework */,
				6CC6035A157DCCEF00A3E13E /* CFNetwork.framework */,
				6CC6035B157DCCEF00A3E13E /* CoreAudio.framework */,
				6CC60369157DCCEF00A3E13E /* CoreGraphics.framework */,
				6CC6035C157DCCEF00A3E13E /* CoreLocation.framework */,
				6CC6035D157DCCEF00A3E13E /* CoreMedia.framework */,
				6CC6035E157DCCEF00A3E13E /* CoreMotion.framework */,
				6CC6035F157DCCEF00A3E13E /* CoreTelephony.framework */,
				DE94A2D418F7CD91000CA6E7 /* CoreText.framework */,
				6CC60360157DCCEF00A3E13E /* CoreVideo.framework */,
				DE94A2DA18F7CE48000CA6E7 /* Foundation.framework */,
				DE94A2D618F7CD9B000CA6E7 /* ImageIO.framework */,
				7CC60350157DCCEF00A3E13E /* libbz2.1.0.dylib */,
				6CC60350157DCCEF00A3E13E /* libiconv.dylib */,
				6CC60351157DCCEF00A3E13E /* libicucore.dylib */,
				6CC60352157DCCEF00A3E13E /* libsqlite3.dylib */,
				6CC6034C157DCCEF00A3E13E /* libstdc++.dylib */,
				B287DD541716BCD0000DFADA /* libxml2.dylib */,
				6CC60353157DCCEF00A3E13E /* libz.dylib */,
				6CC6034F157DCCEF00A3E13E /* MapKit.framework */,
				6CC6034D157DCCEF00A3E13E /* MediaPlayer.framework */,
				6CC6034E157DCCEF00A3E13E /* MessageUI.framework */,
				6CC60361157DCCEF00A3E13E /* MobileCoreServices.framework */,
				6CC60362157DCCEF00A3E13E /* OpenAL.framework */,
				6CC60363157DCCEF00A3E13E /* OpenGLES.framework */,
				6CC60364157DCCEF00A3E13E /* QuartzCore.framework */,
				DE94A2D818F7CE12000CA6E7 /* QuickLook.framework */,
				6CC60365157DCCEF00A3E13E /* Security.framework */,
				46D6D7B316F1CB3800D8E883 /* StoreKit.framework */,
				6CC60366157DCCEF00A3E13E /* SystemConfiguration.framework */,
				6CC60367157DCCEF00A3E13E /* UIKit.framework */,
				6CC60339157DCC0F00A3E13E /* CoreGraphics.framework */,
			);
			name = Frameworks;
			sourceTree = "<group>";
		};
		EAD2E1451A6EB12D007A125A /* PluginDebugProject */ = {
			isa = PBXGroup;
			children = (
				EAD2E1841A6EB15B007A125A /* Image.xcassets */,
				EAD2E17F1A6EB149007A125A /* PluginSource */,
				EAD2E1861A6EB19F007A125A /* EngineHeader */,
				EAD2E18B1A6EB1E3007A125A /* WebPage */,
				EAD2E1491A6EB12D007A125A /* SupportingFiles */,
			);
			path = PluginDebugProject;
			sourceTree = "<group>";
		};
		EAD2E1491A6EB12D007A125A /* SupportingFiles */ = {
			isa = PBXGroup;
			children = (
				EAD2E14A1A6EB12D007A125A /* Info.plist */,
				EAD2E14B1A6EB12D007A125A /* main.m */,
			);
			path = SupportingFiles;
			sourceTree = "<group>";
		};
		EAD2E17F1A6EB149007A125A /* PluginSource */ = {
			isa = PBXGroup;
			children = (
				EAD2E1801A6EB149007A125A /* EUExPluginName.h */,
				EAD2E1811A6EB149007A125A /* EUExPluginName.m */,
				EAD2E1821A6EB149007A125A /* Prefix.pch */,
			);
			name = PluginSource;
			path = ../../PluginSource;
			sourceTree = "<group>";
		};
		EAD2E1861A6EB19F007A125A /* EngineHeader */ = {
			isa = PBXGroup;
			children = (
				EAD2E1871A6EB1BF007A125A /* EUtility.h */,
				EAD2E1881A6EB1CD007A125A /* EUExBase.h */,
				EAD2E1891A6EB1CD007A125A /* EUExBaseDefine.h */,
				EAD2E18A1A6EB1D8007A125A /* WidgetOneDelegate.h */,
			);
			name = EngineHeader;
			sourceTree = "<group>";
		};
		EAD2E18B1A6EB1E3007A125A /* WebPage */ = {
			isa = PBXGroup;
			children = (
				EAD2E18F1A6EB228007A125A /* plugin.xml */,
				EAD2E1901A6EB228007A125A /* widget */,
				EAD2E18E1A6EB228007A125A /* error */,
				EAD2E18C1A6EB21D007A125A /* resource */,
			);
			name = WebPage;
			sourceTree = "<group>";
		};
/* End PBXGroup section */

/* Begin PBXNativeTarget section */
		6CC60330157DCC0F00A3E13E /* PluginDebugProject */ = {
			isa = PBXNativeTarget;
			buildConfigurationList = 6CC60349157DCC0F00A3E13E /* Build configuration list for PBXNativeTarget "PluginDebugProject" */;
			buildPhases = (
				6CC6032D157DCC0F00A3E13E /* Sources */,
				6CC6032F157DCC0F00A3E13E /* Resources */,
				3356F9571A4851FA00F58330 /* Embed Frameworks */,
				6CC6032E157DCC0F00A3E13E /* Frameworks */,
			);
			buildRules = (
			);
			dependencies = (
			);
			name = PluginDebugProject;
			productName = AppCanPlugin;
			productReference = 6CC60331157DCC0F00A3E13E /* PluginDebugProject.app */;
			productType = "com.apple.product-type.application";
		};
/* End PBXNativeTarget section */

/* Begin PBXProject section */
		6CC60328157DCC0F00A3E13E /* Project object */ = {
			isa = PBXProject;
			attributes = {
				LastUpgradeCheck = 0430;
				ORGANIZATIONNAME = zywx;
			};
			buildConfigurationList = 6CC6032B157DCC0F00A3E13E /* Build configuration list for PBXProject "PluginDebugProject" */;
			compatibilityVersion = "Xcode 3.2";
			developmentRegion = English;
			hasScannedForEncodings = 0;
			knownRegions = (
				en,
				"zh-Hans",
			);
			mainGroup = 6CC60326157DCC0F00A3E13E;
			productRefGroup = 6CC60332157DCC0F00A3E13E /* Products */;
			projectDirPath = "";
			projectRoot = "";
			targets = (
				6CC60330157DCC0F00A3E13E /* PluginDebugProject */,
			);
		};
/* End PBXProject section */

/* Begin PBXResourcesBuildPhase section */
		6CC6032F157DCC0F00A3E13E /* Resources */ = {
			isa = PBXResourcesBuildPhase;
			buildActionMask = 2147483647;
			files = (
				EAD2E1931A6EB228007A125A /* widget in Resources */,
				EAD2E1921A6EB228007A125A /* plugin.xml in Resources */,
				EAD2E1851A6EB15B007A125A /* Image.xcassets in Resources */,
				EAD2E1691A6EB12D007A125A /* Info.plist in Resources */,
				EAD2E18D1A6EB21D007A125A /* resource in Resources */,
				EAD2E1911A6EB228007A125A /* error in Resources */,
			);
			runOnlyForDeploymentPostprocessing = 0;
		};
/* End PBXResourcesBuildPhase section */

/* Begin PBXSourcesBuildPhase section */
		6CC6032D157DCC0F00A3E13E /* Sources */ = {
			isa = PBXSourcesBuildPhase;
			buildActionMask = 2147483647;
			files = (
				EAD2E16A1A6EB12D007A125A /* main.m in Sources */,
				EAD2E1831A6EB149007A125A /* EUExPluginName.m in Sources */,
			);
			runOnlyForDeploymentPostprocessing = 0;
		};
/* End PBXSourcesBuildPhase section */

/* Begin XCBuildConfiguration section */
		6CC60347157DCC0F00A3E13E /* Debug */ = {
			isa = XCBuildConfiguration;
			buildSettings = {
				ALWAYS_SEARCH_USER_PATHS = NO;
				ARCHS = "$(ARCHS_STANDARD)";
				"CODE_SIGN_IDENTITY[sdk=iphoneos*]" = "iPhone Developer";
				COPY_PHASE_STRIP = NO;
				GCC_C_LANGUAGE_STANDARD = gnu99;
				GCC_DYNAMIC_NO_PIC = NO;
				GCC_OPTIMIZATION_LEVEL = 0;
				GCC_PREPROCESSOR_DEFINITIONS = (
					"DEBUG=1",
					"$(inherited)",
				);
				GCC_SYMBOLS_PRIVATE_EXTERN = NO;
				GCC_VERSION = com.apple.compilers.llvm.clang.1_0;
				GCC_WARN_ABOUT_RETURN_TYPE = YES;
				GCC_WARN_UNINITIALIZED_AUTOS = YES;
				GCC_WARN_UNUSED_VARIABLE = YES;
				IPHONEOS_DEPLOYMENT_TARGET = 5.0;
				SDKROOT = iphoneos;
				TARGETED_DEVICE_FAMILY = "1,2";
				VALID_ARCHS = "armv7 armv7s";
			};
			name = Debug;
		};
		6CC60348157DCC0F00A3E13E /* Release */ = {
			isa = XCBuildConfiguration;
			buildSettings = {
				ALWAYS_SEARCH_USER_PATHS = NO;
				ARCHS = "$(ARCHS_STANDARD)";
				"CODE_SIGN_IDENTITY[sdk=iphoneos*]" = "iPhone Developer";
				COPY_PHASE_STRIP = YES;
				GCC_C_LANGUAGE_STANDARD = gnu99;
				GCC_VERSION = com.apple.compilers.llvm.clang.1_0;
				GCC_WARN_ABOUT_RETURN_TYPE = YES;
				GCC_WARN_UNINITIALIZED_AUTOS = YES;
				GCC_WARN_UNUSED_VARIABLE = YES;
				IPHONEOS_DEPLOYMENT_TARGET = 5.0;
				OTHER_CFLAGS = "-DNS_BLOCK_ASSERTIONS=1";
				SDKROOT = iphoneos;
				TARGETED_DEVICE_FAMILY = "1,2";
				VALIDATE_PRODUCT = YES;
				VALID_ARCHS = "armv7 armv7s";
			};
			name = Release;
		};
		6CC6034A157DCC0F00A3E13E /* Debug */ = {
			isa = XCBuildConfiguration;
			buildSettings = {
				ARCHS = "$(ARCHS_STANDARD)";
				ASSETCATALOG_COMPILER_APPICON_NAME = AppIcon;
				ASSETCATALOG_COMPILER_LAUNCHIMAGE_NAME = LaunchImage;
				CODE_SIGN_IDENTITY = "";
				"CODE_SIGN_IDENTITY[sdk=iphoneos*]" = "iPhone Developer";
				FRAMEWORK_SEARCH_PATHS = (
					"$(inherited)",
					"$(SRCROOT)/../AppCanEngine/AppCanEngine/des",
				);
				GCC_PRECOMPILE_PREFIX_HEADER = YES;
				GCC_PREFIX_HEADER = "$(SRCROOT)/../PluginSource/Prefix.pch";
				GCC_THUMB_SUPPORT = NO;
				INFOPLIST_EXPAND_BUILD_SETTINGS = YES;
				INFOPLIST_FILE = PluginDebugProject/SupportingFiles/Info.plist;
				IPHONEOS_DEPLOYMENT_TARGET = 5.0;
				LD_RUNPATH_SEARCH_PATHS = "$(inherited) @executable_path/Frameworks";
				LIBRARY_SEARCH_PATHS = "$(SRCROOT)/../Product/$(CONFIGURATION)$(EFFECTIVE_PLATFORM_NAME)";
				ONLY_ACTIVE_ARCH = NO;
				OTHER_LDFLAGS = "-ObjC";
				PRODUCT_NAME = "$(TARGET_NAME)";
				PROVISIONING_PROFILE = "";
				TARGETED_DEVICE_FAMILY = "1,2";
				WRAPPER_EXTENSION = app;
			};
			name = Debug;
		};
		6CC6034B157DCC0F00A3E13E /* Release */ = {
			isa = XCBuildConfiguration;
			buildSettings = {
				ARCHS = "$(ARCHS_STANDARD)";
				ASSETCATALOG_COMPILER_APPICON_NAME = AppIcon;
				ASSETCATALOG_COMPILER_LAUNCHIMAGE_NAME = LaunchImage;
				CODE_SIGN_IDENTITY = "";
				"CODE_SIGN_IDENTITY[sdk=iphoneos*]" = "iPhone Developer";
				FRAMEWORK_SEARCH_PATHS = (
					"$(inherited)",
					"$(SRCROOT)/../AppCanEngine/AppCanEngine/des",
				);
				GCC_PRECOMPILE_PREFIX_HEADER = YES;
				GCC_PREFIX_HEADER = "$(SRCROOT)/../PluginSource/Prefix.pch";
				GCC_THUMB_SUPPORT = NO;
				INFOPLIST_EXPAND_BUILD_SETTINGS = YES;
				INFOPLIST_FILE = PluginDebugProject/SupportingFiles/Info.plist;
				IPHONEOS_DEPLOYMENT_TARGET = 5.0;
				LD_RUNPATH_SEARCH_PATHS = "$(inherited) @executable_path/Frameworks";
				LIBRARY_SEARCH_PATHS = "$(SRCROOT)/../Product/$(CONFIGURATION)$(EFFECTIVE_PLATFORM_NAME)";
				ONLY_ACTIVE_ARCH = NO;
				OTHER_LDFLAGS = "-ObjC";
				PRODUCT_NAME = "$(TARGET_NAME)";
				PROVISIONING_PROFILE = "";
				TARGETED_DEVICE_FAMILY = "1,2";
				WRAPPER_EXTENSION = app;
			};
			name = Release;
		};
		7EDE104415D118BA00C21FC7 /* Distribution */ = {
			isa = XCBuildConfiguration;
			buildSettings = {
				ALWAYS_SEARCH_USER_PATHS = NO;
				ARCHS = "$(ARCHS_STANDARD)";
				"CODE_SIGN_IDENTITY[sdk=iphoneos*]" = "iPhone Distribution";
				COPY_PHASE_STRIP = YES;
				GCC_C_LANGUAGE_STANDARD = gnu99;
				GCC_VERSION = com.apple.compilers.llvm.clang.1_0;
				GCC_WARN_ABOUT_RETURN_TYPE = YES;
				GCC_WARN_UNINITIALIZED_AUTOS = YES;
				GCC_WARN_UNUSED_VARIABLE = YES;
				IPHONEOS_DEPLOYMENT_TARGET = 5.0;
				OTHER_CFLAGS = "-DNS_BLOCK_ASSERTIONS=1";
				"PROVISIONING_PROFILE[sdk=iphoneos*]" = "";
				SDKROOT = iphoneos;
				TARGETED_DEVICE_FAMILY = "1,2";
				VALIDATE_PRODUCT = YES;
				VALID_ARCHS = "armv7 armv7s";
			};
			name = Distribution;
		};
		7EDE104515D118BA00C21FC7 /* Distribution */ = {
			isa = XCBuildConfiguration;
			buildSettings = {
				ARCHS = "$(ARCHS_STANDARD)";
				ASSETCATALOG_COMPILER_APPICON_NAME = AppIcon;
				ASSETCATALOG_COMPILER_LAUNCHIMAGE_NAME = LaunchImage;
				CODE_SIGN_IDENTITY = "";
				"CODE_SIGN_IDENTITY[sdk=iphoneos*]" = "iPhone Distribution";
				FRAMEWORK_SEARCH_PATHS = (
					"$(inherited)",
					"$(SRCROOT)/../AppCanEngine/AppCanEngine/des",
				);
				GCC_PRECOMPILE_PREFIX_HEADER = YES;
				GCC_PREFIX_HEADER = "$(SRCROOT)/../PluginSource/Prefix.pch";
				GCC_THUMB_SUPPORT = NO;
				INFOPLIST_EXPAND_BUILD_SETTINGS = YES;
				INFOPLIST_FILE = PluginDebugProject/SupportingFiles/Info.plist;
				IPHONEOS_DEPLOYMENT_TARGET = 5.0;
				LD_RUNPATH_SEARCH_PATHS = "$(inherited) @executable_path/Frameworks";
				LIBRARY_SEARCH_PATHS = "$(SRCROOT)/../Product/$(CONFIGURATION)$(EFFECTIVE_PLATFORM_NAME)";
				ONLY_ACTIVE_ARCH = NO;
				OTHER_LDFLAGS = "-ObjC";
				PRODUCT_NAME = "$(TARGET_NAME)";
				PROVISIONING_PROFILE = "";
				TARGETED_DEVICE_FAMILY = "1,2";
				WRAPPER_EXTENSION = app;
			};
			name = Distribution;
		};
/* End XCBuildConfiguration section */

/* Begin XCConfigurationList section */
		6CC6032B157DCC0F00A3E13E /* Build configuration list for PBXProject "PluginDebugProject" */ = {
			isa = XCConfigurationList;
			buildConfigurations = (
				6CC60347157DCC0F00A3E13E /* Debug */,
				6CC60348157DCC0F00A3E13E /* Release */,
				7EDE104415D118BA00C21FC7 /* Distribution */,
			);
			defaultConfigurationIsVisible = 0;
			defaultConfigurationName = Release;
		};
		6CC60349157DCC0F00A3E13E /* Build configuration list for PBXNativeTarget "PluginDebugProject" */ = {
			isa = XCConfigurationList;
			buildConfigurations = (
				6CC6034A157DCC0F00A3E13E /* Debug */,
				6CC6034B157DCC0F00A3E13E /* Release */,
				7EDE104515D118BA00C21FC7 /* Distribution */,
			);
			defaultConfigurationIsVisible = 0;
			defaultConfigurationName = Release;
		};
/* End XCConfigurationList section */
	};
	rootObject = 6CC60328157DCC0F00A3E13E /* Project object */;
}
